<Solution>
  <Project Path="API/API.csproj" />
  <Project Path="Domain/Domain.csproj" Id="ca879d36-41dc-4b4c-b47a-946d00f1ac8a" />
  <Project Path="Repository/Repository.csproj" Id="dea468b0-a66e-47af-9c21-83432bb80543" />
  <Project Path="Service/Service.csproj" Id="40a3038f-f657-4716-a1d7-310cb27e9c39" />
  <Project Path="Util/Util.csproj" Id="5ec1be85-71d0-45c3-bcac-f58a195658f2" />
  <Project Path="Tests/VersionZero.Api.Tests/VersionZero.Api.Tests.csproj" />
</Solution>
